
Microsoft Visual Studio Solution File, Format Version 11.00
# Visual Studio 2010
Project("{FAE04EC0-301F-11D3-BF4B-00C04F79EFBC}") = "ImportFromBitmap", "ImportFromBitmap.csproj", "{7097A93A-021A-49FA-A614-265A0023EBE1}"
EndProject
Project("{FAE04EC0-301F-11D3-BF4B-00C04F79EFBC}") = "ImportFromBitmap.View.WinForms", "View\WinForms\ImportFromBitmap.View.WinForms.csproj", "{EB8775CD-7031-4C54-A3DD-78DCD844BED2}"
EndProject
Global
	GlobalSection(SolutionConfigurationPlatforms) = preSolution
		Debug|Any CPU = Debug|Any CPU
		Release|Any CPU = Release|Any CPU
	EndGlobalSection
	GlobalSection(ProjectConfigurationPlatforms) = postSolution
		{7097A93A-021A-49FA-A614-265A0023EBE1}.Debug|Any CPU.ActiveCfg = Debug|Any CPU
		{7097A93A-021A-49FA-A614-265A0023EBE1}.Debug|Any CPU.Build.0 = Debug|Any CPU
		{7097A93A-021A-49FA-A614-265A0023EBE1}.Release|Any CPU.ActiveCfg = Release|Any CPU
		{7097A93A-021A-49FA-A614-265A0023EBE1}.Release|Any CPU.Build.0 = Release|Any CPU
		{EB8775CD-7031-4C54-A3DD-78DCD844BED2}.Debug|Any CPU.ActiveCfg = Debug|Any CPU
		{EB8775CD-7031-4C54-A3DD-78DCD844BED2}.Debug|Any CPU.Build.0 = Debug|Any CPU
		{EB8775CD-7031-4C54-A3DD-78DCD844BED2}.Release|Any CPU.ActiveCfg = Release|Any CPU
		{EB8775CD-7031-4C54-A3DD-78DCD844BED2}.Release|Any CPU.Build.0 = Release|Any CPU
	EndGlobalSection
	GlobalSection(SolutionProperties) = preSolution
		HideSolutionNode = FALSE
	EndGlobalSection
EndGlobal
