
Microsoft Visual Studio Solution File, Format Version 9.00
# Visual Studio 2005
Project("{FAE04EC0-301F-11D3-BF4B-00C04F79EFBC}") = "SeriesQuery", "SeriesQuery\SeriesQuery.csproj", "{A5D9D103-A283-44D9-91EA-18F4FEC09144}"
EndProject
Project("{FAE04EC0-301F-11D3-BF4B-00C04F79EFBC}") = "SeriesQueryView", "SeriesQueryView\SeriesQueryView.csproj", "{6A0D7694-BFCA-406E-98C6-952A300218D6}"
EndProject
Project("{2150E333-8FDC-42A3-9474-1A3956D46DE8}") = "Solution Items", "Solution Items", "{ACC0A065-C3CB-4CEC-9D80-EAA14912DACD}"
	ProjectSection(SolutionItems) = preProject
		Class1.cs = Class1.cs
	EndProjectSection
EndProject
Global
	GlobalSection(SolutionConfigurationPlatforms) = preSolution
		Debug|Any CPU = Debug|Any CPU
		Release|Any CPU = Release|Any CPU
	EndGlobalSection
	GlobalSection(ProjectConfigurationPlatforms) = postSolution
		{A5D9D103-A283-44D9-91EA-18F4FEC09144}.Debug|Any CPU.ActiveCfg = Debug|Any CPU
		{A5D9D103-A283-44D9-91EA-18F4FEC09144}.Debug|Any CPU.Build.0 = Debug|Any CPU
		{A5D9D103-A283-44D9-91EA-18F4FEC09144}.Release|Any CPU.ActiveCfg = Release|Any CPU
		{A5D9D103-A283-44D9-91EA-18F4FEC09144}.Release|Any CPU.Build.0 = Release|Any CPU
		{6A0D7694-BFCA-406E-98C6-952A300218D6}.Debug|Any CPU.ActiveCfg = Debug|Any CPU
		{6A0D7694-BFCA-406E-98C6-952A300218D6}.Debug|Any CPU.Build.0 = Debug|Any CPU
		{6A0D7694-BFCA-406E-98C6-952A300218D6}.Release|Any CPU.ActiveCfg = Release|Any CPU
		{6A0D7694-BFCA-406E-98C6-952A300218D6}.Release|Any CPU.Build.0 = Release|Any CPU
	EndGlobalSection
	GlobalSection(SolutionProperties) = preSolution
		HideSolutionNode = FALSE
	EndGlobalSection
EndGlobal
