
Microsoft Visual Studio Solution File, Format Version 9.00
# Visual Studio 2005
Project("{FAE04EC0-301F-11D3-BF4B-00C04F79EFBC}") = "ClearCanvas.WT.OpenInSecondaryMonitor", "ClearCanvas.WT.OpenInSecondaryMonitor.csproj", "{67D09716-0B80-4345-A50A-D8F4B37EBB3D}"
EndProject
Global
	GlobalSection(SolutionConfigurationPlatforms) = preSolution
		Debug|Any CPU = Debug|Any CPU
		Release|Any CPU = Release|Any CPU
	EndGlobalSection
	GlobalSection(ProjectConfigurationPlatforms) = postSolution
		{67D09716-0B80-4345-A50A-D8F4B37EBB3D}.Debug|Any CPU.ActiveCfg = Debug|Any CPU
		{67D09716-0B80-4345-A50A-D8F4B37EBB3D}.Debug|Any CPU.Build.0 = Debug|Any CPU
		{67D09716-0B80-4345-A50A-D8F4B37EBB3D}.Release|Any CPU.ActiveCfg = Release|Any CPU
		{67D09716-0B80-4345-A50A-D8F4B37EBB3D}.Release|Any CPU.Build.0 = Release|Any CPU
	EndGlobalSection
	GlobalSection(SolutionProperties) = preSolution
		HideSolutionNode = FALSE
	EndGlobalSection
EndGlobal
