
Microsoft Visual Studio Solution File, Format Version 10.00
# Visual Studio 2008
Project("{FAE04EC0-301F-11D3-BF4B-00C04F79EFBC}") = "Nullstack.ClearCanvas.DevTools", "Nullstack.ClearCanvas.DevTools\Nullstack.ClearCanvas.DevTools.csproj", "{260E787A-DA07-4F65-B42C-44649F92740B}"
EndProject
Project("{FAE04EC0-301F-11D3-BF4B-00C04F79EFBC}") = "Nullstack.ClearCanvas.DevTools.View.WinForms", "Nullstack.ClearCanvas.DevTools.View.WinForms\Nullstack.ClearCanvas.DevTools.View.WinForms.csproj", "{007E9881-2ABE-417C-AC8D-93D6ECFDA63A}"
EndProject
Global
	GlobalSection(SolutionConfigurationPlatforms) = preSolution
		Debug|Any CPU = Debug|Any CPU
		Release|Any CPU = Release|Any CPU
	EndGlobalSection
	GlobalSection(ProjectConfigurationPlatforms) = postSolution
		{260E787A-DA07-4F65-B42C-44649F92740B}.Debug|Any CPU.ActiveCfg = Debug|Any CPU
		{260E787A-DA07-4F65-B42C-44649F92740B}.Debug|Any CPU.Build.0 = Debug|Any CPU
		{260E787A-DA07-4F65-B42C-44649F92740B}.Release|Any CPU.ActiveCfg = Release|Any CPU
		{260E787A-DA07-4F65-B42C-44649F92740B}.Release|Any CPU.Build.0 = Release|Any CPU
		{007E9881-2ABE-417C-AC8D-93D6ECFDA63A}.Debug|Any CPU.ActiveCfg = Debug|Any CPU
		{007E9881-2ABE-417C-AC8D-93D6ECFDA63A}.Debug|Any CPU.Build.0 = Debug|Any CPU
		{007E9881-2ABE-417C-AC8D-93D6ECFDA63A}.Release|Any CPU.ActiveCfg = Release|Any CPU
		{007E9881-2ABE-417C-AC8D-93D6ECFDA63A}.Release|Any CPU.Build.0 = Release|Any CPU
	EndGlobalSection
	GlobalSection(SolutionProperties) = preSolution
		HideSolutionNode = FALSE
	EndGlobalSection
EndGlobal
