
Microsoft Visual Studio Solution File, Format Version 9.00
# Visual Studio 2005
Project("{FAE04EC0-301F-11D3-BF4B-00C04F79EFBC}") = "Tagging", "Tagging\Tagging.csproj", "{70DC9556-FB1B-43BF-9C93-115FB2324424}"
EndProject
Project("{FAE04EC0-301F-11D3-BF4B-00C04F79EFBC}") = "Tagging.View.WinForms", "Tagging\View\WinForms\Tagging.View.WinForms.csproj", "{DEAE77FC-5901-4B05-B4B3-3E8A1AACDFF3}"
EndProject
Global
	GlobalSection(SolutionConfigurationPlatforms) = preSolution
		Debug|Any CPU = Debug|Any CPU
		Release|Any CPU = Release|Any CPU
	EndGlobalSection
	GlobalSection(ProjectConfigurationPlatforms) = postSolution
		{70DC9556-FB1B-43BF-9C93-115FB2324424}.Debug|Any CPU.ActiveCfg = Debug|Any CPU
		{70DC9556-FB1B-43BF-9C93-115FB2324424}.Debug|Any CPU.Build.0 = Debug|Any CPU
		{70DC9556-FB1B-43BF-9C93-115FB2324424}.Release|Any CPU.ActiveCfg = Release|Any CPU
		{70DC9556-FB1B-43BF-9C93-115FB2324424}.Release|Any CPU.Build.0 = Release|Any CPU
		{DEAE77FC-5901-4B05-B4B3-3E8A1AACDFF3}.Debug|Any CPU.ActiveCfg = Debug|Any CPU
		{DEAE77FC-5901-4B05-B4B3-3E8A1AACDFF3}.Debug|Any CPU.Build.0 = Debug|Any CPU
		{DEAE77FC-5901-4B05-B4B3-3E8A1AACDFF3}.Release|Any CPU.ActiveCfg = Release|Any CPU
		{DEAE77FC-5901-4B05-B4B3-3E8A1AACDFF3}.Release|Any CPU.Build.0 = Release|Any CPU
	EndGlobalSection
	GlobalSection(SolutionProperties) = preSolution
		HideSolutionNode = FALSE
	EndGlobalSection
EndGlobal
